
Microsoft Visual Studio Solution File, Format Version 12.00
# Visual Studio Version 16
VisualStudioVersion = 16.0.31402.337
MinimumVisualStudioVersion = 10.0.40219.1
Project("{FAE04EC0-301F-11D3-BF4B-00C04F79EFBC}") = "FinalFight", "FinalFight\FinalFight.csproj", "{A056A769-3DB3-45E4-8D6F-F0289810FAAD}"
EndProject
Global
	GlobalSection(SolutionConfigurationPlatforms) = preSolution
		Debug|Any CPU = Debug|Any CPU
		Release|Any CPU = Release|Any CPU
	EndGlobalSection
	GlobalSection(ProjectConfigurationPlatforms) = postSolution
		{A056A769-3DB3-45E4-8D6F-F0289810FAAD}.Debug|Any CPU.ActiveCfg = Debug|Any CPU
		{A056A769-3DB3-45E4-8D6F-F0289810FAAD}.Debug|Any CPU.Build.0 = Debug|Any CPU
		{A056A769-3DB3-45E4-8D6F-F0289810FAAD}.Release|Any CPU.ActiveCfg = Release|Any CPU
		{A056A769-3DB3-45E4-8D6F-F0289810FAAD}.Release|Any CPU.Build.0 = Release|Any CPU
	EndGlobalSection
	GlobalSection(SolutionProperties) = preSolution
		HideSolutionNode = FALSE
	EndGlobalSection
	GlobalSection(ExtensibilityGlobals) = postSolution
		SolutionGuid = {20253E91-3D5B-4493-B6B1-B7F2F362B421}
	EndGlobalSection
EndGlobal
